// !$*UTF8*$!
{
	archiveVersion = 1;
	classes = {
	};
	objectVersion = 56;
	objects = {

/* Begin PBXBuildFile section */
		032C71EAAF30CFFEC6665B13 /* Pods_NetflixClone.framework in Frameworks */ = {isa = PBXBuildFile; fileRef = D4F45FF149A25FC3971923DB /* Pods_NetflixClone.framework */; };
		3DDE025FD7BB04B624BF6D14 /* Pods_NetflixCloneTests.framework in Frameworks */ = {isa = PBXBuildFile; fileRef = 143C8CD27F860DA7E17332F5 /* Pods_NetflixCloneTests.framework */; };
		BAAAD400412F8DFEB96D3668 /* Pods_NetflixClone_NetflixCloneUITests.framework in Frameworks */ = {isa = PBXBuildFile; fileRef = FF1F8A0AEC0E85F10E604792 /* Pods_NetflixClone_NetflixCloneUITests.framework */; };
		D14F3899298F92DD0041EE79 /* HeroHeaderUIView.swift in Sources */ = {isa = PBXBuildFile; fileRef = D14F3898298F92DD0041EE79 /* HeroHeaderUIView.swift */; };
		D14F389B2992CC3A0041EE79 /* APICaller.swift in Sources */ = {isa = PBXBuildFile; fileRef = D14F389A2992CC3A0041EE79 /* APICaller.swift */; };
		D14F389D299387EE0041EE79 /* Title.swift in Sources */ = {isa = PBXBuildFile; fileRef = D14F389C299387EE0041EE79 /* Title.swift */; };
		D14F389F2993B3E60041EE79 /* Extensions.swift in Sources */ = {isa = PBXBuildFile; fileRef = D14F389E2993B3E60041EE79 /* Extensions.swift */; };
		D14F38A32994D82D0041EE79 /* TitleCollectionViewCell.swift in Sources */ = {isa = PBXBuildFile; fileRef = D14F38A22994D82D0041EE79 /* TitleCollectionViewCell.swift */; };
		D14F38A6299640310041EE79 /* SDWebImage in Frameworks */ = {isa = PBXBuildFile; productRef = D14F38A5299640310041EE79 /* SDWebImage */; };
		D14F38A8299640310041EE79 /* SDWebImageMapKit in Frameworks */ = {isa = PBXBuildFile; productRef = D14F38A7299640310041EE79 /* SDWebImageMapKit */; };
		D1D95152298C03C900FADD48 /* AppDelegate.swift in Sources */ = {isa = PBXBuildFile; fileRef = D1D95151298C03C900FADD48 /* AppDelegate.swift */; };
		D1D95154298C03C900FADD48 /* SceneDelegate.swift in Sources */ = {isa = PBXBuildFile; fileRef = D1D95153298C03C900FADD48 /* SceneDelegate.swift */; };
		D1D95156298C03C900FADD48 /* MainTabBarViewController.swift in Sources */ = {isa = PBXBuildFile; fileRef = D1D95155298C03C900FADD48 /* MainTabBarViewController.swift */; };
		D1D9515B298C03CA00FADD48 /* Assets.xcassets in Resources */ = {isa = PBXBuildFile; fileRef = D1D9515A298C03CA00FADD48 /* Assets.xcassets */; };
		D1D9515E298C03CA00FADD48 /* LaunchScreen.storyboard in Resources */ = {isa = PBXBuildFile; fileRef = D1D9515C298C03CA00FADD48 /* LaunchScreen.storyboard */; };
		D1D95169298C03CA00FADD48 /* NetflixCloneTests.swift in Sources */ = {isa = PBXBuildFile; fileRef = D1D95168298C03CA00FADD48 /* NetflixCloneTests.swift */; };
		D1D95173298C03CB00FADD48 /* NetflixCloneUITests.swift in Sources */ = {isa = PBXBuildFile; fileRef = D1D95172298C03CB00FADD48 /* NetflixCloneUITests.swift */; };
		D1D95175298C03CB00FADD48 /* NetflixCloneUITestsLaunchTests.swift in Sources */ = {isa = PBXBuildFile; fileRef = D1D95174298C03CB00FADD48 /* NetflixCloneUITestsLaunchTests.swift */; };
		D1D95183298C06E200FADD48 /* HomeViewController.swift in Sources */ = {isa = PBXBuildFile; fileRef = D1D95182298C06E200FADD48 /* HomeViewController.swift */; };
		D1D95185298C074200FADD48 /* UpcomingViewController.swift in Sources */ = {isa = PBXBuildFile; fileRef = D1D95184298C074200FADD48 /* UpcomingViewController.swift */; };
		D1D95187298C076100FADD48 /* SearchViewController.swift in Sources */ = {isa = PBXBuildFile; fileRef = D1D95186298C076100FADD48 /* SearchViewController.swift */; };
		D1D95189298C076F00FADD48 /* DonwloadsViewController.swift in Sources */ = {isa = PBXBuildFile; fileRef = D1D95188298C076F00FADD48 /* DonwloadsViewController.swift */; };
		D1F0EC3B298E5F4D0045137F /* CollectionViewTableViewCell.swift in Sources */ = {isa = PBXBuildFile; fileRef = D1F0EC3A298E5F4D0045137F /* CollectionViewTableViewCell.swift */; };
		D1FDA12A2997995A0097E794 /* TitleTableViewCell.swift in Sources */ = {isa = PBXBuildFile; fileRef = D1FDA1292997995A0097E794 /* TitleTableViewCell.swift */; };
		D1FDA12C2999518D0097E794 /* TitleViewModel.swift in Sources */ = {isa = PBXBuildFile; fileRef = D1FDA12B2999518D0097E794 /* TitleViewModel.swift */; };
		D1FDA12E299A9C450097E794 /* SearchResultsViewController.swift in Sources */ = {isa = PBXBuildFile; fileRef = D1FDA12D299A9C450097E794 /* SearchResultsViewController.swift */; };
		D1FDA132299BB22B0097E794 /* YoutubeSearchResponse.swift in Sources */ = {isa = PBXBuildFile; fileRef = D1FDA131299BB22B0097E794 /* YoutubeSearchResponse.swift */; };
		D1FDA134299C01D10097E794 /* TitlePreviewViewController.swift in Sources */ = {isa = PBXBuildFile; fileRef = D1FDA133299C01D10097E794 /* TitlePreviewViewController.swift */; };
		D1FDA136299D0A890097E794 /* TitlePreviewViewModel.swift in Sources */ = {isa = PBXBuildFile; fileRef = D1FDA135299D0A890097E794 /* TitlePreviewViewModel.swift */; };
/* End PBXBuildFile section */

/* Begin PBXContainerItemProxy section */
		D1D95165298C03CA00FADD48 /* PBXContainerItemProxy */ = {
			isa = PBXContainerItemProxy;
			containerPortal = D1D95146298C03C900FADD48 /* Project object */;
			proxyType = 1;
			remoteGlobalIDString = D1D9514D298C03C900FADD48;
			remoteInfo = NetflixClone;
		};
		D1D9516F298C03CB00FADD48 /* PBXContainerItemProxy */ = {
			isa = PBXContainerItemProxy;
			containerPortal = D1D95146298C03C900FADD48 /* Project object */;
			proxyType = 1;
			remoteGlobalIDString = D1D9514D298C03C900FADD48;
			remoteInfo = NetflixClone;
		};
/* End PBXContainerItemProxy section */

/* Begin PBXFileReference section */
		09411C0A573B05CDDAAF3D69 /* Pods-NetflixCloneTests.debug.xcconfig */ = {isa = PBXFileReference; includeInIndex = 1; lastKnownFileType = text.xcconfig; name = "Pods-NetflixCloneTests.debug.xcconfig"; path = "Target Support Files/Pods-NetflixCloneTests/Pods-NetflixCloneTests.debug.xcconfig"; sourceTree = "<group>"; };
		143C8CD27F860DA7E17332F5 /* Pods_NetflixCloneTests.framework */ = {isa = PBXFileReference; explicitFileType = wrapper.framework; includeInIndex = 0; path = Pods_NetflixCloneTests.framework; sourceTree = BUILT_PRODUCTS_DIR; };
		17AAF392435E4A4B99256419 /* Pods-NetflixClone.debug.xcconfig */ = {isa = PBXFileReference; includeInIndex = 1; lastKnownFileType = text.xcconfig; name = "Pods-NetflixClone.debug.xcconfig"; path = "Target Support Files/Pods-NetflixClone/Pods-NetflixClone.debug.xcconfig"; sourceTree = "<group>"; };
		2A36574468D98C4B21A0CE83 /* Pods-NetflixClone-NetflixCloneUITests.debug.xcconfig */ = {isa = PBXFileReference; includeInIndex = 1; lastKnownFileType = text.xcconfig; name = "Pods-NetflixClone-NetflixCloneUITests.debug.xcconfig"; path = "Target Support Files/Pods-NetflixClone-NetflixCloneUITests/Pods-NetflixClone-NetflixCloneUITests.debug.xcconfig"; sourceTree = "<group>"; };
		66872D0047600E3E9988D30A /* Pods-NetflixClone.release.xcconfig */ = {isa = PBXFileReference; includeInIndex = 1; lastKnownFileType = text.xcconfig; name = "Pods-NetflixClone.release.xcconfig"; path = "Target Support Files/Pods-NetflixClone/Pods-NetflixClone.release.xcconfig"; sourceTree = "<group>"; };
		7B057C43AB4AEE5A08EA8C84 /* Pods-NetflixClone-NetflixCloneUITests.release.xcconfig */ = {isa = PBXFileReference; includeInIndex = 1; lastKnownFileType = text.xcconfig; name = "Pods-NetflixClone-NetflixCloneUITests.release.xcconfig"; path = "Target Support Files/Pods-NetflixClone-NetflixCloneUITests/Pods-NetflixClone-NetflixCloneUITests.release.xcconfig"; sourceTree = "<group>"; };
		D14F3898298F92DD0041EE79 /* HeroHeaderUIView.swift */ = {isa = PBXFileReference; lastKnownFileType = sourcecode.swift; path = HeroHeaderUIView.swift; sourceTree = "<group>"; };
		D14F389A2992CC3A0041EE79 /* APICaller.swift */ = {isa = PBXFileReference; lastKnownFileType = sourcecode.swift; path = APICaller.swift; sourceTree = "<group>"; };
		D14F389C299387EE0041EE79 /* Title.swift */ = {isa = PBXFileReference; lastKnownFileType = sourcecode.swift; path = Title.swift; sourceTree = "<group>"; };
		D14F389E2993B3E60041EE79 /* Extensions.swift */ = {isa = PBXFileReference; lastKnownFileType = sourcecode.swift; path = Extensions.swift; sourceTree = "<group>"; };
		D14F38A22994D82D0041EE79 /* TitleCollectionViewCell.swift */ = {isa = PBXFileReference; lastKnownFileType = sourcecode.swift; path = TitleCollectionViewCell.swift; sourceTree = "<group>"; };
		D1D9514E298C03C900FADD48 /* NetflixClone.app */ = {isa = PBXFileReference; explicitFileType = wrapper.application; includeInIndex = 0; path = NetflixClone.app; sourceTree = BUILT_PRODUCTS_DIR; };
		D1D95151298C03C900FADD48 /* AppDelegate.swift */ = {isa = PBXFileReference; lastKnownFileType = sourcecode.swift; path = AppDelegate.swift; sourceTree = "<group>"; };
		D1D95153298C03C900FADD48 /* SceneDelegate.swift */ = {isa = PBXFileReference; lastKnownFileType = sourcecode.swift; path = SceneDelegate.swift; sourceTree = "<group>"; };
		D1D95155298C03C900FADD48 /* MainTabBarViewController.swift */ = {isa = PBXFileReference; lastKnownFileType = sourcecode.swift; path = MainTabBarViewController.swift; sourceTree = "<group>"; };
		D1D9515A298C03CA00FADD48 /* Assets.xcassets */ = {isa = PBXFileReference; lastKnownFileType = folder.assetcatalog; path = Assets.xcassets; sourceTree = "<group>"; };
		D1D9515D298C03CA00FADD48 /* Base */ = {isa = PBXFileReference; lastKnownFileType = file.storyboard; name = Base; path = Base.lproj/LaunchScreen.storyboard; sourceTree = "<group>"; };
		D1D9515F298C03CA00FADD48 /* Info.plist */ = {isa = PBXFileReference; lastKnownFileType = text.plist.xml; path = Info.plist; sourceTree = "<group>"; };
		D1D95164298C03CA00FADD48 /* NetflixCloneTests.xctest */ = {isa = PBXFileReference; explicitFileType = wrapper.cfbundle; includeInIndex = 0; path = NetflixCloneTests.xctest; sourceTree = BUILT_PRODUCTS_DIR; };
		D1D95168298C03CA00FADD48 /* NetflixCloneTests.swift */ = {isa = PBXFileReference; lastKnownFileType = sourcecode.swift; path = NetflixCloneTests.swift; sourceTree = "<group>"; };
		D1D9516E298C03CB00FADD48 /* NetflixCloneUITests.xctest */ = {isa = PBXFileReference; explicitFileType = wrapper.cfbundle; includeInIndex = 0; path = NetflixCloneUITests.xctest; sourceTree = BUILT_PRODUCTS_DIR; };
		D1D95172298C03CB00FADD48 /* NetflixCloneUITests.swift */ = {isa = PBXFileReference; lastKnownFileType = sourcecode.swift; path = NetflixCloneUITests.swift; sourceTree = "<group>"; };
		D1D95174298C03CB00FADD48 /* NetflixCloneUITestsLaunchTests.swift */ = {isa = PBXFileReference; lastKnownFileType = sourcecode.swift; path = NetflixCloneUITestsLaunchTests.swift; sourceTree = "<group>"; };
		D1D95182298C06E200FADD48 /* HomeViewController.swift */ = {isa = PBXFileReference; lastKnownFileType = sourcecode.swift; path = HomeViewController.swift; sourceTree = "<group>"; };
		D1D95184298C074200FADD48 /* UpcomingViewController.swift */ = {isa = PBXFileReference; lastKnownFileType = sourcecode.swift; path = UpcomingViewController.swift; sourceTree = "<group>"; };
		D1D95186298C076100FADD48 /* SearchViewController.swift */ = {isa = PBXFileReference; lastKnownFileType = sourcecode.swift; path = SearchViewController.swift; sourceTree = "<group>"; };
		D1D95188298C076F00FADD48 /* DonwloadsViewController.swift */ = {isa = PBXFileReference; lastKnownFileType = sourcecode.swift; path = DonwloadsViewController.swift; sourceTree = "<group>"; };
		D1F0EC3A298E5F4D0045137F /* CollectionViewTableViewCell.swift */ = {isa = PBXFileReference; lastKnownFileType = sourcecode.swift; path = CollectionViewTableViewCell.swift; sourceTree = "<group>"; };
		D1FDA1292997995A0097E794 /* TitleTableViewCell.swift */ = {isa = PBXFileReference; lastKnownFileType = sourcecode.swift; path = TitleTableViewCell.swift; sourceTree = "<group>"; };
		D1FDA12B2999518D0097E794 /* TitleViewModel.swift */ = {isa = PBXFileReference; lastKnownFileType = sourcecode.swift; path = TitleViewModel.swift; sourceTree = "<group>"; };
		D1FDA12D299A9C450097E794 /* SearchResultsViewController.swift */ = {isa = PBXFileReference; lastKnownFileType = sourcecode.swift; path = SearchResultsViewController.swift; sourceTree = "<group>"; };
		D1FDA131299BB22B0097E794 /* YoutubeSearchResponse.swift */ = {isa = PBXFileReference; lastKnownFileType = sourcecode.swift; path = YoutubeSearchResponse.swift; sourceTree = "<group>"; };
		D1FDA133299C01D10097E794 /* TitlePreviewViewController.swift */ = {isa = PBXFileReference; lastKnownFileType = sourcecode.swift; path = TitlePreviewViewController.swift; sourceTree = "<group>"; };
		D1FDA135299D0A890097E794 /* TitlePreviewViewModel.swift */ = {isa = PBXFileReference; lastKnownFileType = sourcecode.swift; path = TitlePreviewViewModel.swift; sourceTree = "<group>"; };
		D4F45FF149A25FC3971923DB /* Pods_NetflixClone.framework */ = {isa = PBXFileReference; explicitFileType = wrapper.framework; includeInIndex = 0; path = Pods_NetflixClone.framework; sourceTree = BUILT_PRODUCTS_DIR; };
		F5896CB0B8FCC36117A22C59 /* Pods-NetflixCloneTests.release.xcconfig */ = {isa = PBXFileReference; includeInIndex = 1; lastKnownFileType = text.xcconfig; name = "Pods-NetflixCloneTests.release.xcconfig"; path = "Target Support Files/Pods-NetflixCloneTests/Pods-NetflixCloneTests.release.xcconfig"; sourceTree = "<group>"; };
		FF1F8A0AEC0E85F10E604792 /* Pods_NetflixClone_NetflixCloneUITests.framework */ = {isa = PBXFileReference; explicitFileType = wrapper.framework; includeInIndex = 0; path = Pods_NetflixClone_NetflixCloneUITests.framework; sourceTree = BUILT_PRODUCTS_DIR; };
/* End PBXFileReference section */

/* Begin PBXFrameworksBuildPhase section */
		D1D9514B298C03C900FADD48 /* Frameworks */ = {
			isa = PBXFrameworksBuildPhase;
			buildActionMask = 2147483647;
			files = (
				D14F38A6299640310041EE79 /* SDWebImage in Frameworks */,
				D14F38A8299640310041EE79 /* SDWebImageMapKit in Frameworks */,
				032C71EAAF30CFFEC6665B13 /* Pods_NetflixClone.framework in Frameworks */,
			);
			runOnlyForDeploymentPostprocessing = 0;
		};
		D1D95161298C03CA00FADD48 /* Frameworks */ = {
			isa = PBXFrameworksBuildPhase;
			buildActionMask = 2147483647;
			files = (
				3DDE025FD7BB04B624BF6D14 /* Pods_NetflixCloneTests.framework in Frameworks */,
			);
			runOnlyForDeploymentPostprocessing = 0;
		};
		D1D9516B298C03CB00FADD48 /* Frameworks */ = {
			isa = PBXFrameworksBuildPhase;
			buildActionMask = 2147483647;
			files = (
				BAAAD400412F8DFEB96D3668 /* Pods_NetflixClone_NetflixCloneUITests.framework in Frameworks */,
			);
			runOnlyForDeploymentPostprocessing = 0;
		};
/* End PBXFrameworksBuildPhase section */

/* Begin PBXGroup section */
		763FAFF7ECA40BE11C6F1C3B /* Pods */ = {
			isa = PBXGroup;
			children = (
				17AAF392435E4A4B99256419 /* Pods-NetflixClone.debug.xcconfig */,
				66872D0047600E3E9988D30A /* Pods-NetflixClone.release.xcconfig */,
				2A36574468D98C4B21A0CE83 /* Pods-NetflixClone-NetflixCloneUITests.debug.xcconfig */,
				7B057C43AB4AEE5A08EA8C84 /* Pods-NetflixClone-NetflixCloneUITests.release.xcconfig */,
				09411C0A573B05CDDAAF3D69 /* Pods-NetflixCloneTests.debug.xcconfig */,
				F5896CB0B8FCC36117A22C59 /* Pods-NetflixCloneTests.release.xcconfig */,
			);
			path = Pods;
			sourceTree = "<group>";
		};
		D1D95145298C03C900FADD48 = {
			isa = PBXGroup;
			children = (
				D1D95150298C03C900FADD48 /* NetflixClone */,
				D1D95167298C03CA00FADD48 /* NetflixCloneTests */,
				D1D95171298C03CB00FADD48 /* NetflixCloneUITests */,
				D1D9514F298C03C900FADD48 /* Products */,
				763FAFF7ECA40BE11C6F1C3B /* Pods */,
				F6EE0A0934540A7DF98ECC83 /* Frameworks */,
			);
			sourceTree = "<group>";
		};
		D1D9514F298C03C900FADD48 /* Products */ = {
			isa = PBXGroup;
			children = (
				D1D9514E298C03C900FADD48 /* NetflixClone.app */,
				D1D95164298C03CA00FADD48 /* NetflixCloneTests.xctest */,
				D1D9516E298C03CB00FADD48 /* NetflixCloneUITests.xctest */,
			);
			name = Products;
			sourceTree = "<group>";
		};
		D1D95150298C03C900FADD48 /* NetflixClone */ = {
			isa = PBXGroup;
			children = (
				D1F0EC39298E5EC20045137F /* Managers */,
				D1F0EC38298E5EBA0045137F /* Resources */,
				D1F0EC37298E5E760045137F /* Models */,
				D1F0EC35298E5E4A0045137F /* Views */,
				D1F0EC36298E5E580045137F /* ViewModels */,
				D1D95181298C06A600FADD48 /* ViewControllers */,
				D1D95151298C03C900FADD48 /* AppDelegate.swift */,
				D1D95153298C03C900FADD48 /* SceneDelegate.swift */,
				D1D9515A298C03CA00FADD48 /* Assets.xcassets */,
				D1D9515C298C03CA00FADD48 /* LaunchScreen.storyboard */,
				D1D9515F298C03CA00FADD48 /* Info.plist */,
			);
			path = NetflixClone;
			sourceTree = "<group>";
		};
		D1D95167298C03CA00FADD48 /* NetflixCloneTests */ = {
			isa = PBXGroup;
			children = (
				D1D95168298C03CA00FADD48 /* NetflixCloneTests.swift */,
			);
			path = NetflixCloneTests;
			sourceTree = "<group>";
		};
		D1D95171298C03CB00FADD48 /* NetflixCloneUITests */ = {
			isa = PBXGroup;
			children = (
				D1D95172298C03CB00FADD48 /* NetflixCloneUITests.swift */,
				D1D95174298C03CB00FADD48 /* NetflixCloneUITestsLaunchTests.swift */,
			);
			path = NetflixCloneUITests;
			sourceTree = "<group>";
		};
		D1D95181298C06A600FADD48 /* ViewControllers */ = {
			isa = PBXGroup;
			children = (
				D1FDA130299A9C9D0097E794 /* General */,
				D1FDA12F299A9C6D0097E794 /* Core */,
			);
			path = ViewControllers;
			sourceTree = "<group>";
		};
		D1F0EC35298E5E4A0045137F /* Views */ = {
			isa = PBXGroup;
			children = (
				D1F0EC3A298E5F4D0045137F /* CollectionViewTableViewCell.swift */,
				D14F3898298F92DD0041EE79 /* HeroHeaderUIView.swift */,
				D14F38A22994D82D0041EE79 /* TitleCollectionViewCell.swift */,
				D1FDA1292997995A0097E794 /* TitleTableViewCell.swift */,
			);
			path = Views;
			sourceTree = "<group>";
		};
		D1F0EC36298E5E580045137F /* ViewModels */ = {
			isa = PBXGroup;
			children = (
				D1FDA12B2999518D0097E794 /* TitleViewModel.swift */,
				D1FDA135299D0A890097E794 /* TitlePreviewViewModel.swift */,
			);
			path = ViewModels;
			sourceTree = "<group>";
		};
		D1F0EC37298E5E760045137F /* Models */ = {
			isa = PBXGroup;
			children = (
				D14F389C299387EE0041EE79 /* Title.swift */,
				D1FDA131299BB22B0097E794 /* YoutubeSearchResponse.swift */,
			);
			path = Models;
			sourceTree = "<group>";
		};
		D1F0EC38298E5EBA0045137F /* Resources */ = {
			isa = PBXGroup;
			children = (
				D14F389E2993B3E60041EE79 /* Extensions.swift */,
			);
			path = Resources;
			sourceTree = "<group>";
		};
		D1F0EC39298E5EC20045137F /* Managers */ = {
			isa = PBXGroup;
			children = (
				D14F389A2992CC3A0041EE79 /* APICaller.swift */,
			);
			path = Managers;
			sourceTree = "<group>";
		};
		D1FDA12F299A9C6D0097E794 /* Core */ = {
			isa = PBXGroup;
			children = (
				D1D95155298C03C900FADD48 /* MainTabBarViewController.swift */,
				D1D95186298C076100FADD48 /* SearchViewController.swift */,
				D1D95188298C076F00FADD48 /* DonwloadsViewController.swift */,
				D1D95184298C074200FADD48 /* UpcomingViewController.swift */,
				D1D95182298C06E200FADD48 /* HomeViewController.swift */,
			);
			path = Core;
			sourceTree = "<group>";
		};
		D1FDA130299A9C9D0097E794 /* General */ = {
			isa = PBXGroup;
			children = (
				D1FDA12D299A9C450097E794 /* SearchResultsViewController.swift */,
				D1FDA133299C01D10097E794 /* TitlePreviewViewController.swift */,
			);
			path = General;
			sourceTree = "<group>";
		};
		F6EE0A0934540A7DF98ECC83 /* Frameworks */ = {
			isa = PBXGroup;
			children = (
				D4F45FF149A25FC3971923DB /* Pods_NetflixClone.framework */,
				FF1F8A0AEC0E85F10E604792 /* Pods_NetflixClone_NetflixCloneUITests.framework */,
				143C8CD27F860DA7E17332F5 /* Pods_NetflixCloneTests.framework */,
			);
			name = Frameworks;
			sourceTree = "<group>";
		};
/* End PBXGroup section */

/* Begin PBXNativeTarget section */
		D1D9514D298C03C900FADD48 /* NetflixClone */ = {
			isa = PBXNativeTarget;
			buildConfigurationList = D1D95178298C03CB00FADD48 /* Build configuration list for PBXNativeTarget "NetflixClone" */;
			buildPhases = (
				14390C51E174298B2BD8EC8B /* [CP] Check Pods Manifest.lock */,
				D1D9514A298C03C900FADD48 /* Sources */,
				D1D9514B298C03C900FADD48 /* Frameworks */,
				D1D9514C298C03C900FADD48 /* Resources */,
				427390186E888ADA24ADC326 /* [CP] Embed Pods Frameworks */,
			);
			buildRules = (
			);
			dependencies = (
			);
			name = NetflixClone;
			packageProductDependencies = (
				D14F38A5299640310041EE79 /* SDWebImage */,
				D14F38A7299640310041EE79 /* SDWebImageMapKit */,
			);
			productName = NetflixClone;
			productReference = D1D9514E298C03C900FADD48 /* NetflixClone.app */;
			productType = "com.apple.product-type.application";
		};
		D1D95163298C03CA00FADD48 /* NetflixCloneTests */ = {
			isa = PBXNativeTarget;
			buildConfigurationList = D1D9517B298C03CB00FADD48 /* Build configuration list for PBXNativeTarget "NetflixCloneTests" */;
			buildPhases = (
				1A585469D62C323C2A10C3D5 /* [CP] Check Pods Manifest.lock */,
				D1D95160298C03CA00FADD48 /* Sources */,
				D1D95161298C03CA00FADD48 /* Frameworks */,
				D1D95162298C03CA00FADD48 /* Resources */,
			);
			buildRules = (
			);
			dependencies = (
				D1D95166298C03CA00FADD48 /* PBXTargetDependency */,
			);
			name = NetflixCloneTests;
			productName = NetflixCloneTests;
			productReference = D1D95164298C03CA00FADD48 /* NetflixCloneTests.xctest */;
			productType = "com.apple.product-type.bundle.unit-test";
		};
		D1D9516D298C03CB00FADD48 /* NetflixCloneUITests */ = {
			isa = PBXNativeTarget;
			buildConfigurationList = D1D9517E298C03CB00FADD48 /* Build configuration list for PBXNativeTarget "NetflixCloneUITests" */;
			buildPhases = (
				2F86CA613E7E10DE377EDED2 /* [CP] Check Pods Manifest.lock */,
				D1D9516A298C03CB00FADD48 /* Sources */,
				D1D9516B298C03CB00FADD48 /* Frameworks */,
				D1D9516C298C03CB00FADD48 /* Resources */,
				D1EC007507A7D91915468405 /* [CP] Embed Pods Frameworks */,
			);
			buildRules = (
			);
			dependencies = (
				D1D95170298C03CB00FADD48 /* PBXTargetDependency */,
			);
			name = NetflixCloneUITests;
			productName = NetflixCloneUITests;
			productReference = D1D9516E298C03CB00FADD48 /* NetflixCloneUITests.xctest */;
			productType = "com.apple.product-type.bundle.ui-testing";
		};
/* End PBXNativeTarget section */

/* Begin PBXProject section */
		D1D95146298C03C900FADD48 /* Project object */ = {
			isa = PBXProject;
			attributes = {
				BuildIndependentTargetsInParallel = 1;
				LastSwiftUpdateCheck = 1420;
				LastUpgradeCheck = 1420;
				TargetAttributes = {
					D1D9514D298C03C900FADD48 = {
						CreatedOnToolsVersion = 14.2;
					};
					D1D95163298C03CA00FADD48 = {
						CreatedOnToolsVersion = 14.2;
						TestTargetID = D1D9514D298C03C900FADD48;
					};
					D1D9516D298C03CB00FADD48 = {
						CreatedOnToolsVersion = 14.2;
						TestTargetID = D1D9514D298C03C900FADD48;
					};
				};
			};
			buildConfigurationList = D1D95149298C03C900FADD48 /* Build configuration list for PBXProject "NetflixClone" */;
			compatibilityVersion = "Xcode 14.0";
			developmentRegion = en;
			hasScannedForEncodings = 0;
			knownRegions = (
				en,
				Base,
			);
			mainGroup = D1D95145298C03C900FADD48;
			packageReferences = (
				D14F38A4299640310041EE79 /* XCRemoteSwiftPackageReference "SDWebImage" */,
			);
			productRefGroup = D1D9514F298C03C900FADD48 /* Products */;
			projectDirPath = "";
			projectRoot = "";
			targets = (
				D1D9514D298C03C900FADD48 /* NetflixClone */,
				D1D95163298C03CA00FADD48 /* NetflixCloneTests */,
				D1D9516D298C03CB00FADD48 /* NetflixCloneUITests */,
			);
		};
/* End PBXProject section */

/* Begin PBXResourcesBuildPhase section */
		D1D9514C298C03C900FADD48 /* Resources */ = {
			isa = PBXResourcesBuildPhase;
			buildActionMask = 2147483647;
			files = (
				D1D9515E298C03CA00FADD48 /* LaunchScreen.storyboard in Resources */,
				D1D9515B298C03CA00FADD48 /* Assets.xcassets in Resources */,
			);
			runOnlyForDeploymentPostprocessing = 0;
		};
		D1D95162298C03CA00FADD48 /* Resources */ = {
			isa = PBXResourcesBuildPhase;
			buildActionMask = 2147483647;
			files = (
			);
			runOnlyForDeploymentPostprocessing = 0;
		};
		D1D9516C298C03CB00FADD48 /* Resources */ = {
			isa = PBXResourcesBuildPhase;
			buildActionMask = 2147483647;
			files = (
			);
			runOnlyForDeploymentPostprocessing = 0;
		};
/* End PBXResourcesBuildPhase section */

/* Begin PBXShellScriptBuildPhase section */
		14390C51E174298B2BD8EC8B /* [CP] Check Pods Manifest.lock */ = {
			isa = PBXShellScriptBuildPhase;
			buildActionMask = 2147483647;
			files = (
			);
			inputFileListPaths = (
			);
			inputPaths = (
				"${PODS_PODFILE_DIR_PATH}/Podfile.lock",
				"${PODS_ROOT}/Manifest.lock",
			);
			name = "[CP] Check Pods Manifest.lock";
			outputFileListPaths = (
			);
			outputPaths = (
				"$(DERIVED_FILE_DIR)/Pods-NetflixClone-checkManifestLockResult.txt",
			);
			runOnlyForDeploymentPostprocessing = 0;
			shellPath = /bin/sh;
			shellScript = "diff \"${PODS_PODFILE_DIR_PATH}/Podfile.lock\" \"${PODS_ROOT}/Manifest.lock\" > /dev/null\nif [ $? != 0 ] ; then\n    # print error to STDERR\n    echo \"error: The sandbox is not in sync with the Podfile.lock. Run 'pod install' or update your CocoaPods installation.\" >&2\n    exit 1\nfi\n# This output is used by Xcode 'outputs' to avoid re-running this script phase.\necho \"SUCCESS\" > \"${SCRIPT_OUTPUT_FILE_0}\"\n";
			showEnvVarsInLog = 0;
		};
		1A585469D62C323C2A10C3D5 /* [CP] Check Pods Manifest.lock */ = {
			isa = PBXShellScriptBuildPhase;
			buildActionMask = 2147483647;
			files = (
			);
			inputFileListPaths = (
			);
			inputPaths = (
				"${PODS_PODFILE_DIR_PATH}/Podfile.lock",
				"${PODS_ROOT}/Manifest.lock",
			);
			name = "[CP] Check Pods Manifest.lock";
			outputFileListPaths = (
			);
			outputPaths = (
				"$(DERIVED_FILE_DIR)/Pods-NetflixCloneTests-checkManifestLockResult.txt",
			);
			runOnlyForDeploymentPostprocessing = 0;
			shellPath = /bin/sh;
			shellScript = "diff \"${PODS_PODFILE_DIR_PATH}/Podfile.lock\" \"${PODS_ROOT}/Manifest.lock\" > /dev/null\nif [ $? != 0 ] ; then\n    # print error to STDERR\n    echo \"error: The sandbox is not in sync with the Podfile.lock. Run 'pod install' or update your CocoaPods installation.\" >&2\n    exit 1\nfi\n# This output is used by Xcode 'outputs' to avoid re-running this script phase.\necho \"SUCCESS\" > \"${SCRIPT_OUTPUT_FILE_0}\"\n";
			showEnvVarsInLog = 0;
		};
		2F86CA613E7E10DE377EDED2 /* [CP] Check Pods Manifest.lock */ = {
			isa = PBXShellScriptBuildPhase;
			buildActionMask = 2147483647;
			files = (
			);
			inputFileListPaths = (
			);
			inputPaths = (
				"${PODS_PODFILE_DIR_PATH}/Podfile.lock",
				"${PODS_ROOT}/Manifest.lock",
			);
			name = "[CP] Check Pods Manifest.lock";
			outputFileListPaths = (
			);
			outputPaths = (
				"$(DERIVED_FILE_DIR)/Pods-NetflixClone-NetflixCloneUITests-checkManifestLockResult.txt",
			);
			runOnlyForDeploymentPostprocessing = 0;
			shellPath = /bin/sh;
			shellScript = "diff \"${PODS_PODFILE_DIR_PATH}/Podfile.lock\" \"${PODS_ROOT}/Manifest.lock\" > /dev/null\nif [ $? != 0 ] ; then\n    # print error to STDERR\n    echo \"error: The sandbox is not in sync with the Podfile.lock. Run 'pod install' or update your CocoaPods installation.\" >&2\n    exit 1\nfi\n# This output is used by Xcode 'outputs' to avoid re-running this script phase.\necho \"SUCCESS\" > \"${SCRIPT_OUTPUT_FILE_0}\"\n";
			showEnvVarsInLog = 0;
		};
		427390186E888ADA24ADC326 /* [CP] Embed Pods Frameworks */ = {
			isa = PBXShellScriptBuildPhase;
			buildActionMask = 2147483647;
			files = (
			);
			inputFileListPaths = (
				"${PODS_ROOT}/Target Support Files/Pods-NetflixClone/Pods-NetflixClone-frameworks-${CONFIGURATION}-input-files.xcfilelist",
			);
			name = "[CP] Embed Pods Frameworks";
			outputFileListPaths = (
				"${PODS_ROOT}/Target Support Files/Pods-NetflixClone/Pods-NetflixClone-frameworks-${CONFIGURATION}-output-files.xcfilelist",
			);
			runOnlyForDeploymentPostprocessing = 0;
			shellPath = /bin/sh;
			shellScript = "\"${PODS_ROOT}/Target Support Files/Pods-NetflixClone/Pods-NetflixClone-frameworks.sh\"\n";
			showEnvVarsInLog = 0;
		};
		D1EC007507A7D91915468405 /* [CP] Embed Pods Frameworks */ = {
			isa = PBXShellScriptBuildPhase;
			buildActionMask = 2147483647;
			files = (
			);
			inputFileListPaths = (
				"${PODS_ROOT}/Target Support Files/Pods-NetflixClone-NetflixCloneUITests/Pods-NetflixClone-NetflixCloneUITests-frameworks-${CONFIGURATION}-input-files.xcfilelist",
			);
			name = "[CP] Embed Pods Frameworks";
			outputFileListPaths = (
				"${PODS_ROOT}/Target Support Files/Pods-NetflixClone-NetflixCloneUITests/Pods-NetflixClone-NetflixCloneUITests-frameworks-${CONFIGURATION}-output-files.xcfilelist",
			);
			runOnlyForDeploymentPostprocessing = 0;
			shellPath = /bin/sh;
			shellScript = "\"${PODS_ROOT}/Target Support Files/Pods-NetflixClone-NetflixCloneUITests/Pods-NetflixClone-NetflixCloneUITests-frameworks.sh\"\n";
			showEnvVarsInLog = 0;
		};
/* End PBXShellScriptBuildPhase section */

/* Begin PBXSourcesBuildPhase section */
		D1D9514A298C03C900FADD48 /* Sources */ = {
			isa = PBXSourcesBuildPhase;
			buildActionMask = 2147483647;
			files = (
				D1FDA12A2997995A0097E794 /* TitleTableViewCell.swift in Sources */,
				D1D95187298C076100FADD48 /* SearchViewController.swift in Sources */,
				D14F38A32994D82D0041EE79 /* TitleCollectionViewCell.swift in Sources */,
				D1D95156298C03C900FADD48 /* MainTabBarViewController.swift in Sources */,
				D1F0EC3B298E5F4D0045137F /* CollectionViewTableViewCell.swift in Sources */,
				D14F389B2992CC3A0041EE79 /* APICaller.swift in Sources */,
				D14F3899298F92DD0041EE79 /* HeroHeaderUIView.swift in Sources */,
				D1D95152298C03C900FADD48 /* AppDelegate.swift in Sources */,
				D1D95154298C03C900FADD48 /* SceneDelegate.swift in Sources */,
				D1FDA12E299A9C450097E794 /* SearchResultsViewController.swift in Sources */,
				D14F389F2993B3E60041EE79 /* Extensions.swift in Sources */,
				D1FDA132299BB22B0097E794 /* YoutubeSearchResponse.swift in Sources */,
				D1D95189298C076F00FADD48 /* DonwloadsViewController.swift in Sources */,
				D1FDA136299D0A890097E794 /* TitlePreviewViewModel.swift in Sources */,
				D1D95185298C074200FADD48 /* UpcomingViewController.swift in Sources */,
				D1FDA134299C01D10097E794 /* TitlePreviewViewController.swift in Sources */,
				D14F389D299387EE0041EE79 /* Title.swift in Sources */,
				D1D95183298C06E200FADD48 /* HomeViewController.swift in Sources */,
				D1FDA12C2999518D0097E794 /* TitleViewModel.swift in Sources */,
			);
			runOnlyForDeploymentPostprocessing = 0;
		};
		D1D95160298C03CA00FADD48 /* Sources */ = {
			isa = PBXSourcesBuildPhase;
			buildActionMask = 2147483647;
			files = (
				D1D95169298C03CA00FADD48 /* NetflixCloneTests.swift in Sources */,
			);
			runOnlyForDeploymentPostprocessing = 0;
		};
		D1D9516A298C03CB00FADD48 /* Sources */ = {
			isa = PBXSourcesBuildPhase;
			buildActionMask = 2147483647;
			files = (
				D1D95173298C03CB00FADD48 /* NetflixCloneUITests.swift in Sources */,
				D1D95175298C03CB00FADD48 /* NetflixCloneUITestsLaunchTests.swift in Sources */,
			);
			runOnlyForDeploymentPostprocessing = 0;
		};
/* End PBXSourcesBuildPhase section */

/* Begin PBXTargetDependency section */
		D1D95166298C03CA00FADD48 /* PBXTargetDependency */ = {
			isa = PBXTargetDependency;
			target = D1D9514D298C03C900FADD48 /* NetflixClone */;
			targetProxy = D1D95165298C03CA00FADD48 /* PBXContainerItemProxy */;
		};
		D1D95170298C03CB00FADD48 /* PBXTargetDependency */ = {
			isa = PBXTargetDependency;
			target = D1D9514D298C03C900FADD48 /* NetflixClone */;
			targetProxy = D1D9516F298C03CB00FADD48 /* PBXContainerItemProxy */;
		};
/* End PBXTargetDependency section */

/* Begin PBXVariantGroup section */
		D1D9515C298C03CA00FADD48 /* LaunchScreen.storyboard */ = {
			isa = PBXVariantGroup;
			children = (
				D1D9515D298C03CA00FADD48 /* Base */,
			);
			name = LaunchScreen.storyboard;
			sourceTree = "<group>";
		};
/* End PBXVariantGroup section */

/* Begin XCBuildConfiguration section */
		D1D95176298C03CB00FADD48 /* Debug */ = {
			isa = XCBuildConfiguration;
			buildSettings = {
				ALWAYS_SEARCH_USER_PATHS = NO;
				CLANG_ANALYZER_NONNULL = YES;
				CLANG_ANALYZER_NUMBER_OBJECT_CONVERSION = YES_AGGRESSIVE;
				CLANG_CXX_LANGUAGE_STANDARD = "gnu++20";
				CLANG_ENABLE_MODULES = YES;
				CLANG_ENABLE_OBJC_ARC = YES;
				CLANG_ENABLE_OBJC_WEAK = YES;
				CLANG_WARN_BLOCK_CAPTURE_AUTORELEASING = YES;
				CLANG_WARN_BOOL_CONVERSION = YES;
				CLANG_WARN_COMMA = YES;
				CLANG_WARN_CONSTANT_CONVERSION = YES;
				CLANG_WARN_DEPRECATED_OBJC_IMPLEMENTATIONS = YES;
				CLANG_WARN_DIRECT_OBJC_ISA_USAGE = YES_ERROR;
				CLANG_WARN_DOCUMENTATION_COMMENTS = YES;
				CLANG_WARN_EMPTY_BODY = YES;
				CLANG_WARN_ENUM_CONVERSION = YES;
				CLANG_WARN_INFINITE_RECURSION = YES;
				CLANG_WARN_INT_CONVERSION = YES;
				CLANG_WARN_NON_LITERAL_NULL_CONVERSION = YES;
				CLANG_WARN_OBJC_IMPLICIT_RETAIN_SELF = YES;
				CLANG_WARN_OBJC_LITERAL_CONVERSION = YES;
				CLANG_WARN_OBJC_ROOT_CLASS = YES_ERROR;
				CLANG_WARN_QUOTED_INCLUDE_IN_FRAMEWORK_HEADER = YES;
				CLANG_WARN_RANGE_LOOP_ANALYSIS = YES;
				CLANG_WARN_STRICT_PROTOTYPES = YES;
				CLANG_WARN_SUSPICIOUS_MOVE = YES;
				CLANG_WARN_UNGUARDED_AVAILABILITY = YES_AGGRESSIVE;
				CLANG_WARN_UNREACHABLE_CODE = YES;
				CLANG_WARN__DUPLICATE_METHOD_MATCH = YES;
				COPY_PHASE_STRIP = NO;
				DEBUG_INFORMATION_FORMAT = dwarf;
				ENABLE_STRICT_OBJC_MSGSEND = YES;
				ENABLE_TESTABILITY = YES;
				GCC_C_LANGUAGE_STANDARD = gnu11;
				GCC_DYNAMIC_NO_PIC = NO;
				GCC_NO_COMMON_BLOCKS = YES;
				GCC_OPTIMIZATION_LEVEL = 0;
				GCC_PREPROCESSOR_DEFINITIONS = (
					"DEBUG=1",
					"$(inherited)",
				);
				GCC_WARN_64_TO_32_BIT_CONVERSION = YES;
				GCC_WARN_ABOUT_RETURN_TYPE = YES_ERROR;
				GCC_WARN_UNDECLARED_SELECTOR = YES;
				GCC_WARN_UNINITIALIZED_AUTOS = YES_AGGRESSIVE;
				GCC_WARN_UNUSED_FUNCTION = YES;
				GCC_WARN_UNUSED_VARIABLE = YES;
				IPHONEOS_DEPLOYMENT_TARGET = 16.2;
				MTL_ENABLE_DEBUG_INFO = INCLUDE_SOURCE;
				MTL_FAST_MATH = YES;
				ONLY_ACTIVE_ARCH = YES;
				SDKROOT = iphoneos;
				SWIFT_ACTIVE_COMPILATION_CONDITIONS = DEBUG;
				SWIFT_OPTIMIZATION_LEVEL = "-Onone";
			};
			name = Debug;
		};
		D1D95177298C03CB00FADD48 /* Release */ = {
			isa = XCBuildConfiguration;
			buildSettings = {
				ALWAYS_SEARCH_USER_PATHS = NO;
				CLANG_ANALYZER_NONNULL = YES;
				CLANG_ANALYZER_NUMBER_OBJECT_CONVERSION = YES_AGGRESSIVE;
				CLANG_CXX_LANGUAGE_STANDARD = "gnu++20";
				CLANG_ENABLE_MODULES = YES;
				CLANG_ENABLE_OBJC_ARC = YES;
				CLANG_ENABLE_OBJC_WEAK = YES;
				CLANG_WARN_BLOCK_CAPTURE_AUTORELEASING = YES;
				CLANG_WARN_BOOL_CONVERSION = YES;
				CLANG_WARN_COMMA = YES;
				CLANG_WARN_CONSTANT_CONVERSION = YES;
				CLANG_WARN_DEPRECATED_OBJC_IMPLEMENTATIONS = YES;
				CLANG_WARN_DIRECT_OBJC_ISA_USAGE = YES_ERROR;
				CLANG_WARN_DOCUMENTATION_COMMENTS = YES;
				CLANG_WARN_EMPTY_BODY = YES;
				CLANG_WARN_ENUM_CONVERSION = YES;
				CLANG_WARN_INFINITE_RECURSION = YES;
				CLANG_WARN_INT_CONVERSION = YES;
				CLANG_WARN_NON_LITERAL_NULL_CONVERSION = YES;
				CLANG_WARN_OBJC_IMPLICIT_RETAIN_SELF = YES;
				CLANG_WARN_OBJC_LITERAL_CONVERSION = YES;
				CLANG_WARN_OBJC_ROOT_CLASS = YES_ERROR;
				CLANG_WARN_QUOTED_INCLUDE_IN_FRAMEWORK_HEADER = YES;
				CLANG_WARN_RANGE_LOOP_ANALYSIS = YES;
				CLANG_WARN_STRICT_PROTOTYPES = YES;
				CLANG_WARN_SUSPICIOUS_MOVE = YES;
				CLANG_WARN_UNGUARDED_AVAILABILITY = YES_AGGRESSIVE;
				CLANG_WARN_UNREACHABLE_CODE = YES;
				CLANG_WARN__DUPLICATE_METHOD_MATCH = YES;
				COPY_PHASE_STRIP = NO;
				DEBUG_INFORMATION_FORMAT = "dwarf-with-dsym";
				ENABLE_NS_ASSERTIONS = NO;
				ENABLE_STRICT_OBJC_MSGSEND = YES;
				GCC_C_LANGUAGE_STANDARD = gnu11;
				GCC_NO_COMMON_BLOCKS = YES;
				GCC_WARN_64_TO_32_BIT_CONVERSION = YES;
				GCC_WARN_ABOUT_RETURN_TYPE = YES_ERROR;
				GCC_WARN_UNDECLARED_SELECTOR = YES;
				GCC_WARN_UNINITIALIZED_AUTOS = YES_AGGRESSIVE;
				GCC_WARN_UNUSED_FUNCTION = YES;
				GCC_WARN_UNUSED_VARIABLE = YES;
				IPHONEOS_DEPLOYMENT_TARGET = 16.2;
				MTL_ENABLE_DEBUG_INFO = NO;
				MTL_FAST_MATH = YES;
				SDKROOT = iphoneos;
				SWIFT_COMPILATION_MODE = wholemodule;
				SWIFT_OPTIMIZATION_LEVEL = "-O";
				VALIDATE_PRODUCT = YES;
			};
			name = Release;
		};
		D1D95179298C03CB00FADD48 /* Debug */ = {
			isa = XCBuildConfiguration;
			baseConfigurationReference = 17AAF392435E4A4B99256419 /* Pods-NetflixClone.debug.xcconfig */;
			buildSettings = {
				ASSETCATALOG_COMPILER_APPICON_NAME = AppIcon;
				ASSETCATALOG_COMPILER_GLOBAL_ACCENT_COLOR_NAME = AccentColor;
				CODE_SIGN_STYLE = Automatic;
				CURRENT_PROJECT_VERSION = 1;
				DEVELOPMENT_TEAM = R45WMW8LSD;
				GENERATE_INFOPLIST_FILE = YES;
				INFOPLIST_FILE = NetflixClone/Info.plist;
				INFOPLIST_KEY_UIApplicationSupportsIndirectInputEvents = YES;
				INFOPLIST_KEY_UILaunchStoryboardName = LaunchScreen;
				INFOPLIST_KEY_UISupportedInterfaceOrientations_iPad = "UIInterfaceOrientationPortrait UIInterfaceOrientationPortraitUpsideDown UIInterfaceOrientationLandscapeLeft UIInterfaceOrientationLandscapeRight";
				INFOPLIST_KEY_UISupportedInterfaceOrientations_iPhone = "UIInterfaceOrientationPortrait UIInterfaceOrientationLandscapeLeft UIInterfaceOrientationLandscapeRight";
				LD_RUNPATH_SEARCH_PATHS = (
					"$(inherited)",
					"@executable_path/Frameworks",
				);
				MARKETING_VERSION = 1.0;
				PRODUCT_BUNDLE_IDENTIFIER = com.mukhammed.NetflixClone;
				PRODUCT_NAME = "$(TARGET_NAME)";
				SWIFT_EMIT_LOC_STRINGS = YES;
				SWIFT_VERSION = 5.0;
				TARGETED_DEVICE_FAMILY = "1,2";
			};
			name = Debug;
		};
		D1D9517A298C03CB00FADD48 /* Release */ = {
			isa = XCBuildConfiguration;
			baseConfigurationReference = 66872D0047600E3E9988D30A /* Pods-NetflixClone.release.xcconfig */;
			buildSettings = {
				ASSETCATALOG_COMPILER_APPICON_NAME = AppIcon;
				ASSETCATALOG_COMPILER_GLOBAL_ACCENT_COLOR_NAME = AccentColor;
				CODE_SIGN_STYLE = Automatic;
				CURRENT_PROJECT_VERSION = 1;
				DEVELOPMENT_TEAM = R45WMW8LSD;
				GENERATE_INFOPLIST_FILE = YES;
				INFOPLIST_FILE = NetflixClone/Info.plist;
				INFOPLIST_KEY_UIApplicationSupportsIndirectInputEvents = YES;
				INFOPLIST_KEY_UILaunchStoryboardName = LaunchScreen;
				INFOPLIST_KEY_UISupportedInterfaceOrientations_iPad = "UIInterfaceOrientationPortrait UIInterfaceOrientationPortraitUpsideDown UIInterfaceOrientationLandscapeLeft UIInterfaceOrientationLandscapeRight";
				INFOPLIST_KEY_UISupportedInterfaceOrientations_iPhone = "UIInterfaceOrientationPortrait UIInterfaceOrientationLandscapeLeft UIInterfaceOrientationLandscapeRight";
				LD_RUNPATH_SEARCH_PATHS = (
					"$(inherited)",
					"@executable_path/Frameworks",
				);
				MARKETING_VERSION = 1.0;
				PRODUCT_BUNDLE_IDENTIFIER = com.mukhammed.NetflixClone;
				PRODUCT_NAME = "$(TARGET_NAME)";
				SWIFT_EMIT_LOC_STRINGS = YES;
				SWIFT_VERSION = 5.0;
				TARGETED_DEVICE_FAMILY = "1,2";
			};
			name = Release;
		};
		D1D9517C298C03CB00FADD48 /* Debug */ = {
			isa = XCBuildConfiguration;
			baseConfigurationReference = 09411C0A573B05CDDAAF3D69 /* Pods-NetflixCloneTests.debug.xcconfig */;
			buildSettings = {
				ALWAYS_EMBED_SWIFT_STANDARD_LIBRARIES = YES;
				BUNDLE_LOADER = "$(TEST_HOST)";
				CODE_SIGN_STYLE = Automatic;
				CURRENT_PROJECT_VERSION = 1;
				GENERATE_INFOPLIST_FILE = YES;
				IPHONEOS_DEPLOYMENT_TARGET = 16.2;
				MARKETING_VERSION = 1.0;
				PRODUCT_BUNDLE_IDENTIFIER = com.mukhammed.NetflixCloneTests;
				PRODUCT_NAME = "$(TARGET_NAME)";
				SWIFT_EMIT_LOC_STRINGS = NO;
				SWIFT_VERSION = 5.0;
				TARGETED_DEVICE_FAMILY = "1,2";
				TEST_HOST = "$(BUILT_PRODUCTS_DIR)/NetflixClone.app/$(BUNDLE_EXECUTABLE_FOLDER_PATH)/NetflixClone";
			};
			name = Debug;
		};
		D1D9517D298C03CB00FADD48 /* Release */ = {
			isa = XCBuildConfiguration;
			baseConfigurationReference = F5896CB0B8FCC36117A22C59 /* Pods-NetflixCloneTests.release.xcconfig */;
			buildSettings = {
				ALWAYS_EMBED_SWIFT_STANDARD_LIBRARIES = YES;
				BUNDLE_LOADER = "$(TEST_HOST)";
				CODE_SIGN_STYLE = Automatic;
				CURRENT_PROJECT_VERSION = 1;
				GENERATE_INFOPLIST_FILE = YES;
				IPHONEOS_DEPLOYMENT_TARGET = 16.2;
				MARKETING_VERSION = 1.0;
				PRODUCT_BUNDLE_IDENTIFIER = com.mukhammed.NetflixCloneTests;
				PRODUCT_NAME = "$(TARGET_NAME)";
				SWIFT_EMIT_LOC_STRINGS = NO;
				SWIFT_VERSION = 5.0;
				TARGETED_DEVICE_FAMILY = "1,2";
				TEST_HOST = "$(BUILT_PRODUCTS_DIR)/NetflixClone.app/$(BUNDLE_EXECUTABLE_FOLDER_PATH)/NetflixClone";
			};
			name = Release;
		};
		D1D9517F298C03CB00FADD48 /* Debug */ = {
			isa = XCBuildConfiguration;
			baseConfigurationReference = 2A36574468D98C4B21A0CE83 /* Pods-NetflixClone-NetflixCloneUITests.debug.xcconfig */;
			buildSettings = {
				ALWAYS_EMBED_SWIFT_STANDARD_LIBRARIES = YES;
				CODE_SIGN_STYLE = Automatic;
				CURRENT_PROJECT_VERSION = 1;
				GENERATE_INFOPLIST_FILE = YES;
				MARKETING_VERSION = 1.0;
				PRODUCT_BUNDLE_IDENTIFIER = com.mukhammed.NetflixCloneUITests;
				PRODUCT_NAME = "$(TARGET_NAME)";
				SWIFT_EMIT_LOC_STRINGS = NO;
				SWIFT_VERSION = 5.0;
				TARGETED_DEVICE_FAMILY = "1,2";
				TEST_TARGET_NAME = NetflixClone;
			};
			name = Debug;
		};
		D1D95180298C03CB00FADD48 /* Release */ = {
			isa = XCBuildConfiguration;
			baseConfigurationReference = 7B057C43AB4AEE5A08EA8C84 /* Pods-NetflixClone-NetflixCloneUITests.release.xcconfig */;
			buildSettings = {
				ALWAYS_EMBED_SWIFT_STANDARD_LIBRARIES = YES;
				CODE_SIGN_STYLE = Automatic;
				CURRENT_PROJECT_VERSION = 1;
				GENERATE_INFOPLIST_FILE = YES;
				MARKETING_VERSION = 1.0;
				PRODUCT_BUNDLE_IDENTIFIER = com.mukhammed.NetflixCloneUITests;
				PRODUCT_NAME = "$(TARGET_NAME)";
				SWIFT_EMIT_LOC_STRINGS = NO;
				SWIFT_VERSION = 5.0;
				TARGETED_DEVICE_FAMILY = "1,2";
				TEST_TARGET_NAME = NetflixClone;
			};
			name = Release;
		};
/* End XCBuildConfiguration section */

/* Begin XCConfigurationList section */
		D1D95149298C03C900FADD48 /* Build configuration list for PBXProject "NetflixClone" */ = {
			isa = XCConfigurationList;
			buildConfigurations = (
				D1D95176298C03CB00FADD48 /* Debug */,
				D1D95177298C03CB00FADD48 /* Release */,
			);
			defaultConfigurationIsVisible = 0;
			defaultConfigurationName = Release;
		};
		D1D95178298C03CB00FADD48 /* Build configuration list for PBXNativeTarget "NetflixClone" */ = {
			isa = XCConfigurationList;
			buildConfigurations = (
				D1D95179298C03CB00FADD48 /* Debug */,
				D1D9517A298C03CB00FADD48 /* Release */,
			);
			defaultConfigurationIsVisible = 0;
			defaultConfigurationName = Release;
		};
		D1D9517B298C03CB00FADD48 /* Build configuration list for PBXNativeTarget "NetflixCloneTests" */ = {
			isa = XCConfigurationList;
			buildConfigurations = (
				D1D9517C298C03CB00FADD48 /* Debug */,
				D1D9517D298C03CB00FADD48 /* Release */,
			);
			defaultConfigurationIsVisible = 0;
			defaultConfigurationName = Release;
		};
		D1D9517E298C03CB00FADD48 /* Build configuration list for PBXNativeTarget "NetflixCloneUITests" */ = {
			isa = XCConfigurationList;
			buildConfigurations = (
				D1D9517F298C03CB00FADD48 /* Debug */,
				D1D95180298C03CB00FADD48 /* Release */,
			);
			defaultConfigurationIsVisible = 0;
			defaultConfigurationName = Release;
		};
/* End XCConfigurationList section */

/* Begin XCRemoteSwiftPackageReference section */
		D14F38A4299640310041EE79 /* XCRemoteSwiftPackageReference "SDWebImage" */ = {
			isa = XCRemoteSwiftPackageReference;
			repositoryURL = "https://github.com/SDWebImage/SDWebImage.git";
			requirement = {
				kind = upToNextMajorVersion;
				minimumVersion = 5.0.0;
			};
		};
/* End XCRemoteSwiftPackageReference section */

/* Begin XCSwiftPackageProductDependency section */
		D14F38A5299640310041EE79 /* SDWebImage */ = {
			isa = XCSwiftPackageProductDependency;
			package = D14F38A4299640310041EE79 /* XCRemoteSwiftPackageReference "SDWebImage" */;
			productName = SDWebImage;
		};
		D14F38A7299640310041EE79 /* SDWebImageMapKit */ = {
			isa = XCSwiftPackageProductDependency;
			package = D14F38A4299640310041EE79 /* XCRemoteSwiftPackageReference "SDWebImage" */;
			productName = SDWebImageMapKit;
		};
/* End XCSwiftPackageProductDependency section */
	};
	rootObject = D1D95146298C03C900FADD48 /* Project object */;
}
